// !$*UTF8*$!
{
	archiveVersion = 1;
	classes = {
	};
	objectVersion = 77;
	objects = {

/* Begin PBXContainerItemProxy section */
		2C0681442E1B0E02006EED2A /* PBXContainerItemProxy */ = {
			isa = PBXContainerItemProxy;
			containerPortal = 2C06812B2E1B0DFF006EED2A /* Project object */;
			proxyType = 1;
			remoteGlobalIDString = 2C0681322E1B0DFF006EED2A;
			remoteInfo = AACAPP;
		};
		2C06814E2E1B0E02006EED2A /* PBXContainerItemProxy */ = {
			isa = PBXContainerItemProxy;
			containerPortal = 2C06812B2E1B0DFF006EED2A /* Project object */;
			proxyType = 1;
			remoteGlobalIDString = 2C0681322E1B0DFF006EED2A;
			remoteInfo = AACAPP;
		};
/* End PBXContainerItemProxy section */

/* Begin PBXFileReference section */
		2C0681332E1B0DFF006EED2A /* AACAPP.app */ = {isa = PBXFileReference; explicitFileType = wrapper.application; includeInIndex = 0; path = AACAPP.app; sourceTree = BUILT_PRODUCTS_DIR; };
		2C0681432E1B0E02006EED2A /* AACAPPTests.xctest */ = {isa = PBXFileReference; explicitFileType = wrapper.cfbundle; includeInIndex = 0; path = AACAPPTests.xctest; sourceTree = BUILT_PRODUCTS_DIR; };
		2C06814D2E1B0E02006EED2A /* AACAPPUITests.xctest */ = {isa = PBXFileReference; explicitFileType = wrapper.cfbundle; includeInIndex = 0; path = AACAPPUITests.xctest; sourceTree = BUILT_PRODUCTS_DIR; };
/* End PBXFileReference section */

/* Begin PBXFileSystemSynchronizedRootGroup section */
		2C0681352E1B0DFF006EED2A /* AACAPP */ = {
			isa = PBXFileSystemSynchronizedRootGroup;
			path = AACAPP;
			sourceTree = "<group>";
		};
		2C0681462E1B0E02006EED2A /* AACAPPTests */ = {
			isa = PBXFileSystemSynchronizedRootGroup;
			path = AACAPPTests;
			sourceTree = "<group>";
		};
		2C0681502E1B0E02006EED2A /* AACAPPUITests */ = {
			isa = PBXFileSystemSynchronizedRootGroup;
			path = AACAPPUITests;
			sourceTree = "<group>";
		};
/* End PBXFileSystemSynchronizedRootGroup section */

/* Begin PBXFrameworksBuildPhase section */
		2C0681302E1B0DFF006EED2A /* Frameworks */ = {
			isa = PBXFrameworksBuildPhase;
			buildActionMask = 2147483647;
			files = (
			);
			runOnlyForDeploymentPostprocessing = 0;
		};
		2C0681402E1B0E02006EED2A /* Frameworks */ = {
			isa = PBXFrameworksBuildPhase;
			buildActionMask = 2147483647;
			files = (
			);
			runOnlyForDeploymentPostprocessing = 0;
		};
		2C06814A2E1B0E02006EED2A /* Frameworks */ = {
			isa = PBXFrameworksBuildPhase;
			buildActionMask = 2147483647;
			files = (
			);
			runOnlyForDeploymentPostprocessing = 0;
		};
/* End PBXFrameworksBuildPhase section */

/* Begin PBXGroup section */
		2C06812A2E1B0DFF006EED2A = {
			isa = PBXGroup;
			children = (
				2C0681352E1B0DFF006EED2A /* AACAPP */,
				2C0681462E1B0E02006EED2A /* AACAPPTests */,
				2C0681502E1B0E02006EED2A /* AACAPPUITests */,
				2C0681342E1B0DFF006EED2A /* Products */,
			);
			sourceTree = "<group>";
		};
		2C0681342E1B0DFF006EED2A /* Products */ = {
			isa = PBXGroup;
			children = (
				2C0681332E1B0DFF006EED2A /* AACAPP.app */,
				2C0681432E1B0E02006EED2A /* AACAPPTests.xctest */,
				2C06814D2E1B0E02006EED2A /* AACAPPUITests.xctest */,
			);
			name = Products;
			sourceTree = "<group>";
		};
/* End PBXGroup section */

/* Begin PBXNativeTarget section */
		2C0681322E1B0DFF006EED2A /* AACAPP */ = {
			isa = PBXNativeTarget;
			buildConfigurationList = 2C0681572E1B0E02006EED2A /* Build configuration list for PBXNativeTarget "AACAPP" */;
			buildPhases = (
				2C06812F2E1B0DFF006EED2A /* Sources */,
				2C0681302E1B0DFF006EED2A /* Frameworks */,
				2C0681312E1B0DFF006EED2A /* Resources */,
			);
			buildRules = (
			);
			dependencies = (
			);
			fileSystemSynchronizedGroups = (
				2C0681352E1B0DFF006EED2A /* AACAPP */,
			);
			name = AACAPP;
			packageProductDependencies = (
			);
			productName = AACAPP;
			productReference = 2C0681332E1B0DFF006EED2A /* AACAPP.app */;
			productType = "com.apple.product-type.application";
		};
		2C0681422E1B0E02006EED2A /* AACAPPTests */ = {
			isa = PBXNativeTarget;
			buildConfigurationList = 2C06815A2E1B0E02006EED2A /* Build configuration list for PBXNativeTarget "AACAPPTests" */;
			buildPhases = (
				2C06813F2E1B0E02006EED2A /* Sources */,
				2C0681402E1B0E02006EED2A /* Frameworks */,
				2C0681412E1B0E02006EED2A /* Resources */,
			);
			buildRules = (
			);
			dependencies = (
				2C0681452E1B0E02006EED2A /* PBXTargetDependency */,
			);
			fileSystemSynchronizedGroups = (
				2C0681462E1B0E02006EED2A /* AACAPPTests */,
			);
			name = AACAPPTests;
			packageProductDependencies = (
			);
			productName = AACAPPTests;
			productReference = 2C0681432E1B0E02006EED2A /* AACAPPTests.xctest */;
			productType = "com.apple.product-type.bundle.unit-test";
		};
		2C06814C2E1B0E02006EED2A /* AACAPPUITests */ = {
			isa = PBXNativeTarget;
			buildConfigurationList = 2C06815D2E1B0E02006EED2A /* Build configuration list for PBXNativeTarget "AACAPPUITests" */;
			buildPhases = (
				2C0681492E1B0E02006EED2A /* Sources */,
				2C06814A2E1B0E02006EED2A /* Frameworks */,
				2C06814B2E1B0E02006EED2A /* Resources */,
			);
			buildRules = (
			);
			dependencies = (
				2C06814F2E1B0E02006EED2A /* PBXTargetDependency */,
			);
			fileSystemSynchronizedGroups = (
				2C0681502E1B0E02006EED2A /* AACAPPUITests */,
			);
			name = AACAPPUITests;
			packageProductDependencies = (
			);
			productName = AACAPPUITests;
			productReference = 2C06814D2E1B0E02006EED2A /* AACAPPUITests.xctest */;
			productType = "com.apple.product-type.bundle.ui-testing";
		};
/* End PBXNativeTarget section */

/* Begin PBXProject section */
		2C06812B2E1B0DFF006EED2A /* Project object */ = {
			isa = PBXProject;
			attributes = {
				BuildIndependentTargetsInParallel = 1;
				LastSwiftUpdateCheck = 1620;
				LastUpgradeCheck = 1620;
				TargetAttributes = {
					2C0681322E1B0DFF006EED2A = {
						CreatedOnToolsVersion = 16.2;
					};
					2C0681422E1B0E02006EED2A = {
						CreatedOnToolsVersion = 16.2;
						TestTargetID = 2C0681322E1B0DFF006EED2A;
					};
					2C06814C2E1B0E02006EED2A = {
						CreatedOnToolsVersion = 16.2;
						TestTargetID = 2C0681322E1B0DFF006EED2A;
					};
				};
			};
			buildConfigurationList = 2C06812E2E1B0DFF006EED2A /* Build configuration list for PBXProject "AACAPP" */;
			developmentRegion = en;
			hasScannedForEncodings = 0;
			knownRegions = (
				en,
				Base,
			);
			mainGroup = 2C06812A2E1B0DFF006EED2A;
			minimizedProjectReferenceProxies = 1;
			preferredProjectObjectVersion = 77;
			productRefGroup = 2C0681342E1B0DFF006EED2A /* Products */;
			projectDirPath = "";
			projectRoot = "";
			targets = (
				2C0681322E1B0DFF006EED2A /* AACAPP */,
				2C0681422E1B0E02006EED2A /* AACAPPTests */,
				2C06814C2E1B0E02006EED2A /* AACAPPUITests */,
			);
		};
/* End PBXProject section */

/* Begin PBXResourcesBuildPhase section */
		2C0681312E1B0DFF006EED2A /* Resources */ = {
			isa = PBXResourcesBuildPhase;
			buildActionMask = 2147483647;
			files = (
			);
			runOnlyForDeploymentPostprocessing = 0;
		};
		2C0681412E1B0E02006EED2A /* Resources */ = {
			isa = PBXResourcesBuildPhase;
			buildActionMask = 2147483647;
			files = (
			);
			runOnlyForDeploymentPostprocessing = 0;
		};
		2C06814B2E1B0E02006EED2A /* Resources */ = {
			isa = PBXResourcesBuildPhase;
			buildActionMask = 2147483647;
			files = (
			);
			runOnlyForDeploymentPostprocessing = 0;
		};
/* End PBXResourcesBuildPhase section */

/* Begin PBXSourcesBuildPhase section */
		2C06812F2E1B0DFF006EED2A /* Sources */ = {
			isa = PBXSourcesBuildPhase;
			buildActionMask = 2147483647;
			files = (
			);
			runOnlyForDeploymentPostprocessing = 0;
		};
		2C06813F2E1B0E02006EED2A /* Sources */ = {
			isa = PBXSourcesBuildPhase;
			buildActionMask = 2147483647;
			files = (
			);
			runOnlyForDeploymentPostprocessing = 0;
		};
		2C0681492E1B0E02006EED2A /* Sources */ = {
			isa = PBXSourcesBuildPhase;
			buildActionMask = 2147483647;
			files = (
			);
			runOnlyForDeploymentPostprocessing = 0;
		};
/* End PBXSourcesBuildPhase section */

/* Begin PBXTargetDependency section */
		2C0681452E1B0E02006EED2A /* PBXTargetDependency */ = {
			isa = PBXTargetDependency;
			target = 2C0681322E1B0DFF006EED2A /* AACAPP */;
			targetProxy = 2C0681442E1B0E02006EED2A /* PBXContainerItemProxy */;
		};
		2C06814F2E1B0E02006EED2A /* PBXTargetDependency */ = {
			isa = PBXTargetDependency;
			target = 2C0681322E1B0DFF006EED2A /* AACAPP */;
			targetProxy = 2C06814E2E1B0E02006EED2A /* PBXContainerItemProxy */;
		};
/* End PBXTargetDependency section */

/* Begin XCBuildConfiguration section */
		2C0681552E1B0E02006EED2A /* Debug */ = {
			isa = XCBuildConfiguration;
			buildSettings = {
				ALWAYS_SEARCH_USER_PATHS = NO;
				ASSETCATALOG_COMPILER_GENERATE_SWIFT_ASSET_SYMBOL_EXTENSIONS = YES;
				CLANG_ANALYZER_NONNULL = YES;
				CLANG_ANALYZER_NUMBER_OBJECT_CONVERSION = YES_AGGRESSIVE;
				CLANG_CXX_LANGUAGE_STANDARD = "gnu++20";
				CLANG_ENABLE_MODULES = YES;
				CLANG_ENABLE_OBJC_ARC = YES;
				CLANG_ENABLE_OBJC_WEAK = YES;
				CLANG_WARN_BLOCK_CAPTURE_AUTORELEASING = YES;
				CLANG_WARN_BOOL_CONVERSION = YES;
				CLANG_WARN_COMMA = YES;
				CLANG_WARN_CONSTANT_CONVERSION = YES;
				CLANG_WARN_DEPRECATED_OBJC_IMPLEMENTATIONS = YES;
				CLANG_WARN_DIRECT_OBJC_ISA_USAGE = YES_ERROR;
				CLANG_WARN_DOCUMENTATION_COMMENTS = YES;
				CLANG_WARN_EMPTY_BODY = YES;
				CLANG_WARN_ENUM_CONVERSION = YES;
				CLANG_WARN_INFINITE_RECURSION = YES;
				CLANG_WARN_INT_CONVERSION = YES;
				CLANG_WARN_NON_LITERAL_NULL_CONVERSION = YES;
				CLANG_WARN_OBJC_IMPLICIT_RETAIN_SELF = YES;
				CLANG_WARN_OBJC_LITERAL_CONVERSION = YES;
				CLANG_WARN_OBJC_ROOT_CLASS = YES_ERROR;
				CLANG_WARN_QUOTED_INCLUDE_IN_FRAMEWORK_HEADER = YES;
				CLANG_WARN_RANGE_LOOP_ANALYSIS = YES;
				CLANG_WARN_STRICT_PROTOTYPES = YES;
				CLANG_WARN_SUSPICIOUS_MOVE = YES;
				CLANG_WARN_UNGUARDED_AVAILABILITY = YES_AGGRESSIVE;
				CLANG_WARN_UNREACHABLE_CODE = YES;
				CLANG_WARN__DUPLICATE_METHOD_MATCH = YES;
				COPY_PHASE_STRIP = NO;
				DEBUG_INFORMATION_FORMAT = dwarf;
				ENABLE_STRICT_OBJC_MSGSEND = YES;
				ENABLE_TESTABILITY = YES;
				ENABLE_USER_SCRIPT_SANDBOXING = YES;
				GCC_C_LANGUAGE_STANDARD = gnu17;
				GCC_DYNAMIC_NO_PIC = NO;
				GCC_NO_COMMON_BLOCKS = YES;
				GCC_OPTIMIZATION_LEVEL = 0;
				GCC_PREPROCESSOR_DEFINITIONS = (
					"DEBUG=1",
					"$(inherited)",
				);
				GCC_WARN_64_TO_32_BIT_CONVERSION = YES;
				GCC_WARN_ABOUT_RETURN_TYPE = YES_ERROR;
				GCC_WARN_UNDECLARED_SELECTOR = YES;
				GCC_WARN_UNINITIALIZED_AUTOS = YES_AGGRESSIVE;
				GCC_WARN_UNUSED_FUNCTION = YES;
				GCC_WARN_UNUSED_VARIABLE = YES;
				IPHONEOS_DEPLOYMENT_TARGET = 18.2;
				LOCALIZATION_PREFERS_STRING_CATALOGS = YES;
				MTL_ENABLE_DEBUG_INFO = INCLUDE_SOURCE;
				MTL_FAST_MATH = YES;
				ONLY_ACTIVE_ARCH = YES;
				SDKROOT = iphoneos;
				SWIFT_ACTIVE_COMPILATION_CONDITIONS = "DEBUG $(inherited)";
				SWIFT_OPTIMIZATION_LEVEL = "-Onone";
			};
			name = Debug;
		};
		2C0681562E1B0E02006EED2A /* Release */ = {
			isa = XCBuildConfiguration;
			buildSettings = {
				ALWAYS_SEARCH_USER_PATHS = NO;
				ASSETCATALOG_COMPILER_GENERATE_SWIFT_ASSET_SYMBOL_EXTENSIONS = YES;
				CLANG_ANALYZER_NONNULL = YES;
				CLANG_ANALYZER_NUMBER_OBJECT_CONVERSION = YES_AGGRESSIVE;
				CLANG_CXX_LANGUAGE_STANDARD = "gnu++20";
				CLANG_ENABLE_MODULES = YES;
				CLANG_ENABLE_OBJC_ARC = YES;
				CLANG_ENABLE_OBJC_WEAK = YES;
				CLANG_WARN_BLOCK_CAPTURE_AUTORELEASING = YES;
				CLANG_WARN_BOOL_CONVERSION = YES;
				CLANG_WARN_COMMA = YES;
				CLANG_WARN_CONSTANT_CONVERSION = YES;
				CLANG_WARN_DEPRECATED_OBJC_IMPLEMENTATIONS = YES;
				CLANG_WARN_DIRECT_OBJC_ISA_USAGE = YES_ERROR;
				CLANG_WARN_DOCUMENTATION_COMMENTS = YES;
				CLANG_WARN_EMPTY_BODY = YES;
				CLANG_WARN_ENUM_CONVERSION = YES;
				CLANG_WARN_INFINITE_RECURSION = YES;
				CLANG_WARN_INT_CONVERSION = YES;
				CLANG_WARN_NON_LITERAL_NULL_CONVERSION = YES;
				CLANG_WARN_OBJC_IMPLICIT_RETAIN_SELF = YES;
				CLANG_WARN_OBJC_LITERAL_CONVERSION = YES;
				CLANG_WARN_OBJC_ROOT_CLASS = YES_ERROR;
				CLANG_WARN_QUOTED_INCLUDE_IN_FRAMEWORK_HEADER = YES;
				CLANG_WARN_RANGE_LOOP_ANALYSIS = YES;
				CLANG_WARN_STRICT_PROTOTYPES = YES;
				CLANG_WARN_SUSPICIOUS_MOVE = YES;
				CLANG_WARN_UNGUARDED_AVAILABILITY = YES_AGGRESSIVE;
				CLANG_WARN_UNREACHABLE_CODE = YES;
				CLANG_WARN__DUPLICATE_METHOD_MATCH = YES;
				COPY_PHASE_STRIP = NO;
				DEBUG_INFORMATION_FORMAT = "dwarf-with-dsym";
				ENABLE_NS_ASSERTIONS = NO;
				ENABLE_STRICT_OBJC_MSGSEND = YES;
				ENABLE_USER_SCRIPT_SANDBOXING = YES;
				GCC_C_LANGUAGE_STANDARD = gnu17;
				GCC_NO_COMMON_BLOCKS = YES;
				GCC_WARN_64_TO_32_BIT_CONVERSION = YES;
				GCC_WARN_ABOUT_RETURN_TYPE = YES_ERROR;
				GCC_WARN_UNDECLARED_SELECTOR = YES;
				GCC_WARN_UNINITIALIZED_AUTOS = YES_AGGRESSIVE;
				GCC_WARN_UNUSED_FUNCTION = YES;
				GCC_WARN_UNUSED_VARIABLE = YES;
				IPHONEOS_DEPLOYMENT_TARGET = 18.2;
				LOCALIZATION_PREFERS_STRING_CATALOGS = YES;
				MTL_ENABLE_DEBUG_INFO = NO;
				MTL_FAST_MATH = YES;
				SDKROOT = iphoneos;
				SWIFT_COMPILATION_MODE = wholemodule;
				VALIDATE_PRODUCT = YES;
			};
			name = Release;
		};
		2C0681582E1B0E02006EED2A /* Debug */ = {
			isa = XCBuildConfiguration;
			buildSettings = {
				ASSETCATALOG_COMPILER_APPICON_NAME = AppIcon;
				ASSETCATALOG_COMPILER_GLOBAL_ACCENT_COLOR_NAME = AccentColor;
				CODE_SIGN_STYLE = Automatic;
				CURRENT_PROJECT_VERSION = 1;
				DEVELOPMENT_ASSET_PATHS = "\"AACAPP/Preview Content\"";
				DEVELOPMENT_TEAM = UL96JJYZN2;
				ENABLE_PREVIEWS = YES;
				GENERATE_INFOPLIST_FILE = YES;
				INFOPLIST_KEY_UIApplicationSceneManifest_Generation = YES;
				INFOPLIST_KEY_UIApplicationSupportsIndirectInputEvents = YES;
				INFOPLIST_KEY_UILaunchScreen_Generation = YES;
				INFOPLIST_KEY_UISupportedInterfaceOrientations_iPad = "UIInterfaceOrientationPortrait UIInterfaceOrientationPortraitUpsideDown UIInterfaceOrientationLandscapeLeft UIInterfaceOrientationLandscapeRight";
				INFOPLIST_KEY_UISupportedInterfaceOrientations_iPhone = "UIInterfaceOrientationPortrait UIInterfaceOrientationLandscapeLeft UIInterfaceOrientationLandscapeRight";
				LD_RUNPATH_SEARCH_PATHS = (
					"$(inherited)",
					"@executable_path/Frameworks",
				);
				MARKETING_VERSION = 1.0;
				PRODUCT_BUNDLE_IDENTIFIER = com.wizartsdigital.sith.AACAPP;
				PRODUCT_NAME = "$(TARGET_NAME)";
				SWIFT_EMIT_LOC_STRINGS = YES;
				SWIFT_VERSION = 5.0;
				TARGETED_DEVICE_FAMILY = "1,2";
			};
			name = Debug;
		};
		2C0681592E1B0E02006EED2A /* Release */ = {
			isa = XCBuildConfiguration;
			buildSettings = {
				ASSETCATALOG_COMPILER_APPICON_NAME = AppIcon;
				ASSETCATALOG_COMPILER_GLOBAL_ACCENT_COLOR_NAME = AccentColor;
				CODE_SIGN_STYLE = Automatic;
				CURRENT_PROJECT_VERSION = 1;
				DEVELOPMENT_ASSET_PATHS = "\"AACAPP/Preview Content\"";
				DEVELOPMENT_TEAM = UL96JJYZN2;
				ENABLE_PREVIEWS = YES;
				GENERATE_INFOPLIST_FILE = YES;
				INFOPLIST_KEY_UIApplicationSceneManifest_Generation = YES;
				INFOPLIST_KEY_UIApplicationSupportsIndirectInputEvents = YES;
				INFOPLIST_KEY_UILaunchScreen_Generation = YES;
				INFOPLIST_KEY_UISupportedInterfaceOrientations_iPad = "UIInterfaceOrientationPortrait UIInterfaceOrientationPortraitUpsideDown UIInterfaceOrientationLandscapeLeft UIInterfaceOrientationLandscapeRight";
				INFOPLIST_KEY_UISupportedInterfaceOrientations_iPhone = "UIInterfaceOrientationPortrait UIInterfaceOrientationLandscapeLeft UIInterfaceOrientationLandscapeRight";
				LD_RUNPATH_SEARCH_PATHS = (
					"$(inherited)",
					"@executable_path/Frameworks",
				);
				MARKETING_VERSION = 1.0;
				PRODUCT_BUNDLE_IDENTIFIER = com.wizartsdigital.sith.AACAPP;
				PRODUCT_NAME = "$(TARGET_NAME)";
				SWIFT_EMIT_LOC_STRINGS = YES;
				SWIFT_VERSION = 5.0;
				TARGETED_DEVICE_FAMILY = "1,2";
			};
			name = Release;
		};
		2C06815B2E1B0E02006EED2A /* Debug */ = {
			isa = XCBuildConfiguration;
			buildSettings = {
				BUNDLE_LOADER = "$(TEST_HOST)";
				CODE_SIGN_STYLE = Automatic;
				CURRENT_PROJECT_VERSION = 1;
				DEVELOPMENT_TEAM = UL96JJYZN2;
				GENERATE_INFOPLIST_FILE = YES;
				IPHONEOS_DEPLOYMENT_TARGET = 18.2;
				MARKETING_VERSION = 1.0;
				PRODUCT_BUNDLE_IDENTIFIER = com.wizartsdigital.sith.AACAPPTests;
				PRODUCT_NAME = "$(TARGET_NAME)";
				SWIFT_EMIT_LOC_STRINGS = NO;
				SWIFT_VERSION = 5.0;
				TARGETED_DEVICE_FAMILY = "1,2";
				TEST_HOST = "$(BUILT_PRODUCTS_DIR)/AACAPP.app/$(BUNDLE_EXECUTABLE_FOLDER_PATH)/AACAPP";
			};
			name = Debug;
		};
		2C06815C2E1B0E02006EED2A /* Release */ = {
			isa = XCBuildConfiguration;
			buildSettings = {
				BUNDLE_LOADER = "$(TEST_HOST)";
				CODE_SIGN_STYLE = Automatic;
				CURRENT_PROJECT_VERSION = 1;
				DEVELOPMENT_TEAM = UL96JJYZN2;
				GENERATE_INFOPLIST_FILE = YES;
				IPHONEOS_DEPLOYMENT_TARGET = 18.2;
				MARKETING_VERSION = 1.0;
				PRODUCT_BUNDLE_IDENTIFIER = com.wizartsdigital.sith.AACAPPTests;
				PRODUCT_NAME = "$(TARGET_NAME)";
				SWIFT_EMIT_LOC_STRINGS = NO;
				SWIFT_VERSION = 5.0;
				TARGETED_DEVICE_FAMILY = "1,2";
				TEST_HOST = "$(BUILT_PRODUCTS_DIR)/AACAPP.app/$(BUNDLE_EXECUTABLE_FOLDER_PATH)/AACAPP";
			};
			name = Release;
		};
		2C06815E2E1B0E02006EED2A /* Debug */ = {
			isa = XCBuildConfiguration;
			buildSettings = {
				CODE_SIGN_STYLE = Automatic;
				CURRENT_PROJECT_VERSION = 1;
				DEVELOPMENT_TEAM = UL96JJYZN2;
				GENERATE_INFOPLIST_FILE = YES;
				MARKETING_VERSION = 1.0;
				PRODUCT_BUNDLE_IDENTIFIER = com.wizartsdigital.sith.AACAPPUITests;
				PRODUCT_NAME = "$(TARGET_NAME)";
				SWIFT_EMIT_LOC_STRINGS = NO;
				SWIFT_VERSION = 5.0;
				TARGETED_DEVICE_FAMILY = "1,2";
				TEST_TARGET_NAME = AACAPP;
			};
			name = Debug;
		};
		2C06815F2E1B0E02006EED2A /* Release */ = {
			isa = XCBuildConfiguration;
			buildSettings = {
				CODE_SIGN_STYLE = Automatic;
				CURRENT_PROJECT_VERSION = 1;
				DEVELOPMENT_TEAM = UL96JJYZN2;
				GENERATE_INFOPLIST_FILE = YES;
				MARKETING_VERSION = 1.0;
				PRODUCT_BUNDLE_IDENTIFIER = com.wizartsdigital.sith.AACAPPUITests;
				PRODUCT_NAME = "$(TARGET_NAME)";
				SWIFT_EMIT_LOC_STRINGS = NO;
				SWIFT_VERSION = 5.0;
				TARGETED_DEVICE_FAMILY = "1,2";
				TEST_TARGET_NAME = AACAPP;
			};
			name = Release;
		};
/* End XCBuildConfiguration section */

/* Begin XCConfigurationList section */
		2C06812E2E1B0DFF006EED2A /* Build configuration list for PBXProject "AACAPP" */ = {
			isa = XCConfigurationList;
			buildConfigurations = (
				2C0681552E1B0E02006EED2A /* Debug */,
				2C0681562E1B0E02006EED2A /* Release */,
			);
			defaultConfigurationIsVisible = 0;
			defaultConfigurationName = Release;
		};
		2C0681572E1B0E02006EED2A /* Build configuration list for PBXNativeTarget "AACAPP" */ = {
			isa = XCConfigurationList;
			buildConfigurations = (
				2C0681582E1B0E02006EED2A /* Debug */,
				2C0681592E1B0E02006EED2A /* Release */,
			);
			defaultConfigurationIsVisible = 0;
			defaultConfigurationName = Release;
		};
		2C06815A2E1B0E02006EED2A /* Build configuration list for PBXNativeTarget "AACAPPTests" */ = {
			isa = XCConfigurationList;
			buildConfigurations = (
				2C06815B2E1B0E02006EED2A /* Debug */,
				2C06815C2E1B0E02006EED2A /* Release */,
			);
			defaultConfigurationIsVisible = 0;
			defaultConfigurationName = Release;
		};
		2C06815D2E1B0E02006EED2A /* Build configuration list for PBXNativeTarget "AACAPPUITests" */ = {
			isa = XCConfigurationList;
			buildConfigurations = (
				2C06815E2E1B0E02006EED2A /* Debug */,
				2C06815F2E1B0E02006EED2A /* Release */,
			);
			defaultConfigurationIsVisible = 0;
			defaultConfigurationName = Release;
		};
/* End XCConfigurationList section */
	};
	rootObject = 2C06812B2E1B0DFF006EED2A /* Project object */;
}
